
Microsoft Visual Studio Solution File, Format Version 12.00
# Visual Studio Version 18
VisualStudioVersion = 18.4.11513.90
MinimumVisualStudioVersion = 10.0.40219.1
Project("{FAE04EC0-301F-11D3-BF4B-00C04F79EFBC}") = "FlowStep.MCP", "FlowStepMCP\FlowStep.MCP.csproj", "{C304F9B7-F3DD-738A-041D-9B379557F30F}"
EndProject
Project("{2150E333-8FDC-42A3-9474-1A3956D46DE8}") = "Example", "Example", "{55A98CF6-6A22-4AD8-BF85-49D475E40193}"
EndProject
Project("{FAE04EC0-301F-11D3-BF4B-00C04F79EFBC}") = "FlowStep.MCP.Library", "FlowStep.MCP.Library\FlowStep.MCP.Library.csproj", "{5DC227BE-145D-46CF-A0F9-68F187072948}"
EndProject
Project("{FAE04EC0-301F-11D3-BF4B-00C04F79EFBC}") = "FlowStepExample", "FlowStepExample\FlowStepExample.csproj", "{F05C9624-91E3-4E24-97C6-F3361B942C5A}"
EndProject
Global
	GlobalSection(SolutionConfigurationPlatforms) = preSolution
		Debug|Any CPU = Debug|Any CPU
		Release|Any CPU = Release|Any CPU
	EndGlobalSection
	GlobalSection(ProjectConfigurationPlatforms) = postSolution
		{C304F9B7-F3DD-738A-041D-9B379557F30F}.Debug|Any CPU.ActiveCfg = Debug|Any CPU
		{C304F9B7-F3DD-738A-041D-9B379557F30F}.Debug|Any CPU.Build.0 = Debug|Any CPU
		{C304F9B7-F3DD-738A-041D-9B379557F30F}.Release|Any CPU.ActiveCfg = Release|Any CPU
		{C304F9B7-F3DD-738A-041D-9B379557F30F}.Release|Any CPU.Build.0 = Release|Any CPU
		{5DC227BE-145D-46CF-A0F9-68F187072948}.Debug|Any CPU.ActiveCfg = Debug|Any CPU
		{5DC227BE-145D-46CF-A0F9-68F187072948}.Debug|Any CPU.Build.0 = Debug|Any CPU
		{5DC227BE-145D-46CF-A0F9-68F187072948}.Release|Any CPU.ActiveCfg = Release|Any CPU
		{5DC227BE-145D-46CF-A0F9-68F187072948}.Release|Any CPU.Build.0 = Release|Any CPU
		{F05C9624-91E3-4E24-97C6-F3361B942C5A}.Debug|Any CPU.ActiveCfg = Debug|Any CPU
		{F05C9624-91E3-4E24-97C6-F3361B942C5A}.Debug|Any CPU.Build.0 = Debug|Any CPU
		{F05C9624-91E3-4E24-97C6-F3361B942C5A}.Release|Any CPU.ActiveCfg = Release|Any CPU
		{F05C9624-91E3-4E24-97C6-F3361B942C5A}.Release|Any CPU.Build.0 = Release|Any CPU
	EndGlobalSection
	GlobalSection(SolutionProperties) = preSolution
		HideSolutionNode = FALSE
	EndGlobalSection
	GlobalSection(NestedProjects) = preSolution
		{F05C9624-91E3-4E24-97C6-F3361B942C5A} = {55A98CF6-6A22-4AD8-BF85-49D475E40193}
	EndGlobalSection
	GlobalSection(ExtensibilityGlobals) = postSolution
		SolutionGuid = {A32F046C-BD2F-4E7A-8FC1-2F18E34E9EDD}
	EndGlobalSection
EndGlobal
